
Microsoft Visual Studio Solution File, Format Version 12.00
# Visual Studio 15
VisualStudioVersion = 15.0.26730.8
MinimumVisualStudioVersion = 10.0.40219.1
Project("{FAE04EC0-301F-11D3-BF4B-00C04F79EFBC}") = "MyRPG", "MyRPG\MyRPG.csproj", "{634E85B9-3B6C-483F-8FAA-383690F1EF93}"
EndProject
Project("{FAE04EC0-301F-11D3-BF4B-00C04F79EFBC}") = "Logic", "Logic\Logic.csproj", "{632D2C3D-9656-47CD-9376-7E023D2529A7}"
EndProject
Global
	GlobalSection(SolutionConfigurationPlatforms) = preSolution
		Debug|Any CPU = Debug|Any CPU
		Release|Any CPU = Release|Any CPU
	EndGlobalSection
	GlobalSection(ProjectConfigurationPlatforms) = postSolution
		{634E85B9-3B6C-483F-8FAA-383690F1EF93}.Debug|Any CPU.ActiveCfg = Debug|Any CPU
		{634E85B9-3B6C-483F-8FAA-383690F1EF93}.Debug|Any CPU.Build.0 = Debug|Any CPU
		{634E85B9-3B6C-483F-8FAA-383690F1EF93}.Release|Any CPU.ActiveCfg = Release|Any CPU
		{634E85B9-3B6C-483F-8FAA-383690F1EF93}.Release|Any CPU.Build.0 = Release|Any CPU
		{632D2C3D-9656-47CD-9376-7E023D2529A7}.Debug|Any CPU.ActiveCfg = Debug|Any CPU
		{632D2C3D-9656-47CD-9376-7E023D2529A7}.Debug|Any CPU.Build.0 = Debug|Any CPU
		{632D2C3D-9656-47CD-9376-7E023D2529A7}.Release|Any CPU.ActiveCfg = Release|Any CPU
		{632D2C3D-9656-47CD-9376-7E023D2529A7}.Release|Any CPU.Build.0 = Release|Any CPU
	EndGlobalSection
	GlobalSection(SolutionProperties) = preSolution
		HideSolutionNode = FALSE
	EndGlobalSection
	GlobalSection(ExtensibilityGlobals) = postSolution
		SolutionGuid = {E9D49EA8-465B-4529-A61A-6D5DEC6124FB}
	EndGlobalSection
EndGlobal
